# This file is automatically @generated by Cargo.
# It is not intended for manual editing.
version = 4

[[package]]
name = "anyhow"
version = "1.0.104"
source = "registry+https://github.com/rust-lang/crates.io-index"
checksum = "330a5ed07fa54e4702c9d6c4174f74427fc0ef6e214bbd677ae50a5099946470"

[[package]]
name = "omapak-composer"
version = "0.1.0"
dependencies = [
 "anyhow",
 "ostrya-gvariant",
]

[[package]]
name = "ostrya-gvariant"
version = "0.2.0"
source = "registry+https://github.com/rust-lang/crates.io-index"
checksum = "37db9e035f25a0504b64e0ee6d1cf444f99b4382b2d0a39ee4957942c42a8861"
